
Microsoft Visual Studio Solution File, Format Version 12.00
# Visual Studio Version 17
VisualStudioVersion = 17.6.33723.286
MinimumVisualStudioVersion = 10.0.40219.1
Project("{FAE04EC0-301F-11D3-BF4B-00C04F79EFBC}") = "Design Patterns Adapter CSHARP", "Design Patterns Adapter CSHARP.csproj", "{5AE9DCE8-AC2C-43D7-9CC1-6C61231072A0}"
EndProject
Global
	GlobalSection(SolutionConfigurationPlatforms) = preSolution
		Debug|Any CPU = Debug|Any CPU
		Release|Any CPU = Release|Any CPU
	EndGlobalSection
	GlobalSection(ProjectConfigurationPlatforms) = postSolution
		{5AE9DCE8-AC2C-43D7-9CC1-6C61231072A0}.Debug|Any CPU.ActiveCfg = Debug|Any CPU
		{5AE9DCE8-AC2C-43D7-9CC1-6C61231072A0}.Debug|Any CPU.Build.0 = Debug|Any CPU
		{5AE9DCE8-AC2C-43D7-9CC1-6C61231072A0}.Release|Any CPU.ActiveCfg = Release|Any CPU
		{5AE9DCE8-AC2C-43D7-9CC1-6C61231072A0}.Release|Any CPU.Build.0 = Release|Any CPU
	EndGlobalSection
	GlobalSection(SolutionProperties) = preSolution
		HideSolutionNode = FALSE
	EndGlobalSection
	GlobalSection(ExtensibilityGlobals) = postSolution
		SolutionGuid = {CEA42B37-AD9A-42E8-8679-16E5F0CECC47}
	EndGlobalSection
EndGlobal
